# generated by rye
# use `rye lock` or `rye sync` to update this lockfile
#
# last locked with the following flags:
#   pre: false
#   features: []
#   all-features: false
#   with-sources: false
#   generate-hashes: false
#   universal: false

-e file:.
aiohappyeyeballs==2.6.1
    # via aiohttp
aiohttp==3.12.15
    # via python-arango-async
aiosignal==1.4.0
    # via aiohttp
annotated-types==0.7.0
    # via pydantic
attrs==25.3.0
    # via aiohttp
frozenlist==1.7.0
    # via aiohttp
    # via aiosignal
idna==3.10
    # via yarl
inflection==0.5.1
    # via arangodantic
iniconfig==2.1.0
    # via pytest
multidict==6.6.4
    # via aiohttp
    # via python-arango-async
    # via yarl
orjson==3.11.2
    # via arangodantic
packaging==25.0
    # via pytest
    # via python-arango-async
pluggy==1.6.0
    # via pytest
propcache==0.3.2
    # via aiohttp
    # via yarl
pydantic==2.11.7
    # via arangodantic
pydantic-core==2.33.2
    # via pydantic
pygments==2.19.2
    # via pytest
pyjwt==2.10.1
    # via python-arango-async
pytest==8.4.1
    # via pytest-asyncio
pytest-asyncio==1.1.0
python-arango-async==0.0.5
    # via arangodantic
python-decouple==3.8
setuptools==80.9.0
    # via python-arango-async
shylock==1.2.1
    # via arangodantic
typing-extensions==4.14.1
    # via aiosignal
    # via pydantic
    # via pydantic-core
    # via typing-inspection
typing-inspection==0.4.1
    # via pydantic
yarl==1.20.1
    # via aiohttp
