# generated by rye
# use `rye lock` or `rye sync` to update this lockfile
#
# last locked with the following flags:
#   pre: false
#   features: []
#   all-features: false
#   with-sources: false
#   generate-hashes: false
#   universal: false

-e file:.
annotated-types==0.7.0
    # via pydantic
anyio==4.9.0
    # via asyncer
asyncer==0.0.8
    # via arangodantic
certifi==2025.7.9
    # via requests
charset-normalizer==3.4.2
    # via requests
idna==3.10
    # via anyio
    # via requests
importlib-metadata==8.7.0
    # via python-arango
inflection==0.5.1
    # via arangodantic
orjson==3.10.18
    # via arangodantic
packaging==25.0
    # via python-arango
pydantic==2.11.7
    # via arangodantic
pydantic-core==2.33.2
    # via pydantic
pyjwt==2.10.1
    # via python-arango
python-arango==8.2.1
    # via arangodantic
requests==2.32.4
    # via python-arango
    # via requests-toolbelt
requests-toolbelt==1.0.0
    # via python-arango
setuptools==80.9.0
    # via python-arango
shylock==1.2.1
    # via arangodantic
sniffio==1.3.1
    # via anyio
typing-extensions==4.14.1
    # via anyio
    # via pydantic
    # via pydantic-core
    # via typing-inspection
typing-inspection==0.4.1
    # via pydantic
urllib3==2.5.0
    # via python-arango
    # via requests
zipp==3.23.0
    # via importlib-metadata
